
Microsoft Visual Studio Solution File, Format Version 12.00
# Visual Studio Version 17
VisualStudioVersion = 17.2.32602.215
MinimumVisualStudioVersion = 10.0.40219.1
Project("{FAE04EC0-301F-11D3-BF4B-00C04F79EFBC}") = "Csharp lap assignment 1", "Csharp lap assignment 1\Csharp lap assignment 1.csproj", "{38D473BD-68EF-4E3A-857E-416F7794A091}"
EndProject
Global
	GlobalSection(SolutionConfigurationPlatforms) = preSolution
		Debug|Any CPU = Debug|Any CPU
		Release|Any CPU = Release|Any CPU
	EndGlobalSection
	GlobalSection(ProjectConfigurationPlatforms) = postSolution
		{38D473BD-68EF-4E3A-857E-416F7794A091}.Debug|Any CPU.ActiveCfg = Debug|Any CPU
		{38D473BD-68EF-4E3A-857E-416F7794A091}.Debug|Any CPU.Build.0 = Debug|Any CPU
		{38D473BD-68EF-4E3A-857E-416F7794A091}.Release|Any CPU.ActiveCfg = Release|Any CPU
		{38D473BD-68EF-4E3A-857E-416F7794A091}.Release|Any CPU.Build.0 = Release|Any CPU
	EndGlobalSection
	GlobalSection(SolutionProperties) = preSolution
		HideSolutionNode = FALSE
	EndGlobalSection
	GlobalSection(ExtensibilityGlobals) = postSolution
		SolutionGuid = {2C63DF01-7CDB-449B-849F-C47A144B6CEA}
	EndGlobalSection
EndGlobal
